
Microsoft Visual Studio Solution File, Format Version 12.00
# Visual Studio Version 17
VisualStudioVersion = 17.2.32616.157
MinimumVisualStudioVersion = 10.0.40219.1
Project("{FAE04EC0-301F-11D3-BF4B-00C04F79EFBC}") = "DecoratorPattern", "DecoratorPattern\DecoratorPattern.csproj", "{A7181C70-9767-4650-B7E8-80F33FD05C74}"
EndProject
Global
	GlobalSection(SolutionConfigurationPlatforms) = preSolution
		Debug|Any CPU = Debug|Any CPU
		Release|Any CPU = Release|Any CPU
	EndGlobalSection
	GlobalSection(ProjectConfigurationPlatforms) = postSolution
		{A7181C70-9767-4650-B7E8-80F33FD05C74}.Debug|Any CPU.ActiveCfg = Debug|Any CPU
		{A7181C70-9767-4650-B7E8-80F33FD05C74}.Debug|Any CPU.Build.0 = Debug|Any CPU
		{A7181C70-9767-4650-B7E8-80F33FD05C74}.Release|Any CPU.ActiveCfg = Release|Any CPU
		{A7181C70-9767-4650-B7E8-80F33FD05C74}.Release|Any CPU.Build.0 = Release|Any CPU
	EndGlobalSection
	GlobalSection(SolutionProperties) = preSolution
		HideSolutionNode = FALSE
	EndGlobalSection
	GlobalSection(ExtensibilityGlobals) = postSolution
		SolutionGuid = {2B8C9AD0-2A31-4188-9FDC-1316317C8B6E}
	EndGlobalSection
EndGlobal
